// !$*UTF8*$!
{
	archiveVersion = 1;
	classes = {
	};
	objectVersion = 50;
	objects = {

/* Begin PBXBuildFile section */
		2E2CAADB20D4315200BC3AA6 /* Dispatch.m in Sources */ = {isa = PBXBuildFile; fileRef = 2E2CAADA20D4315200BC3AA6 /* Dispatch.m */; };
		2E2CAAE020D431F000BC3AA6 /* NWBase.m in Sources */ = {isa = PBXBuildFile; fileRef = 2E2CAADF20D431F000BC3AA6 /* NWBase.m */; };
		2E2CAAE320D4326700BC3AA6 /* NWHttps.m in Sources */ = {isa = PBXBuildFile; fileRef = 2E2CAAE220D4326700BC3AA6 /* NWHttps.m */; };
		2E2CAAE820D4354E00BC3AA6 /* LocationsTableViewController.m in Sources */ = {isa = PBXBuildFile; fileRef = 2E2CAAE720D4354E00BC3AA6 /* LocationsTableViewController.m */; };
		2E2CAAEB20D4357700BC3AA6 /* WeatherViewController.m in Sources */ = {isa = PBXBuildFile; fileRef = 2E2CAAEA20D4357700BC3AA6 /* WeatherViewController.m */; };
		2E2CAAEE20D437EB00BC3AA6 /* DMLocation.m in Sources */ = {isa = PBXBuildFile; fileRef = 2E2CAAED20D437EB00BC3AA6 /* DMLocation.m */; };
		2E2CAAF120D43C8800BC3AA6 /* LocationViewModel.m in Sources */ = {isa = PBXBuildFile; fileRef = 2E2CAAF020D43C8800BC3AA6 /* LocationViewModel.m */; };
		2E2CAAF420D44F1B00BC3AA6 /* WeatherViewModel.m in Sources */ = {isa = PBXBuildFile; fileRef = 2E2CAAF320D44F1B00BC3AA6 /* WeatherViewModel.m */; };
		2E2CAAF720D44F5900BC3AA6 /* DMWeather.m in Sources */ = {isa = PBXBuildFile; fileRef = 2E2CAAF620D44F5900BC3AA6 /* DMWeather.m */; };
		2E2CAB0520D4961100BC3AA6 /* UIImageView+NWHttps.m in Sources */ = {isa = PBXBuildFile; fileRef = 2E2CAB0420D4961100BC3AA6 /* UIImageView+NWHttps.m */; };
		2E2CAB0820D4D4D300BC3AA6 /* WeatherTableViewCell.m in Sources */ = {isa = PBXBuildFile; fileRef = 2E2CAB0720D4D4D300BC3AA6 /* WeatherTableViewCell.m */; };
		2ECF548820D42E34008165D7 /* AppDelegate.m in Sources */ = {isa = PBXBuildFile; fileRef = 2ECF548720D42E34008165D7 /* AppDelegate.m */; };
		2ECF548E20D42E34008165D7 /* Main.storyboard in Resources */ = {isa = PBXBuildFile; fileRef = 2ECF548C20D42E34008165D7 /* Main.storyboard */; };
		2ECF549020D42E36008165D7 /* Assets.xcassets in Resources */ = {isa = PBXBuildFile; fileRef = 2ECF548F20D42E36008165D7 /* Assets.xcassets */; };
		2ECF549320D42E36008165D7 /* LaunchScreen.storyboard in Resources */ = {isa = PBXBuildFile; fileRef = 2ECF549120D42E36008165D7 /* LaunchScreen.storyboard */; };
		2ECF549620D42E36008165D7 /* main.m in Sources */ = {isa = PBXBuildFile; fileRef = 2ECF549520D42E36008165D7 /* main.m */; };
/* End PBXBuildFile section */

/* Begin PBXFileReference section */
		2E2CAAD920D4315200BC3AA6 /* Dispatch.h */ = {isa = PBXFileReference; lastKnownFileType = sourcecode.c.h; path = Dispatch.h; sourceTree = "<group>"; };
		2E2CAADA20D4315200BC3AA6 /* Dispatch.m */ = {isa = PBXFileReference; lastKnownFileType = sourcecode.c.objc; path = Dispatch.m; sourceTree = "<group>"; };
		2E2CAADC20D4318A00BC3AA6 /* Blocks.h */ = {isa = PBXFileReference; lastKnownFileType = sourcecode.c.h; path = Blocks.h; sourceTree = "<group>"; };
		2E2CAADD20D431B900BC3AA6 /* SelfMacros.h */ = {isa = PBXFileReference; lastKnownFileType = sourcecode.c.h; path = SelfMacros.h; sourceTree = "<group>"; };
		2E2CAADE20D431F000BC3AA6 /* NWBase.h */ = {isa = PBXFileReference; lastKnownFileType = sourcecode.c.h; path = NWBase.h; sourceTree = "<group>"; };
		2E2CAADF20D431F000BC3AA6 /* NWBase.m */ = {isa = PBXFileReference; lastKnownFileType = sourcecode.c.objc; path = NWBase.m; sourceTree = "<group>"; };
		2E2CAAE120D4326700BC3AA6 /* NWHttps.h */ = {isa = PBXFileReference; lastKnownFileType = sourcecode.c.h; path = NWHttps.h; sourceTree = "<group>"; };
		2E2CAAE220D4326700BC3AA6 /* NWHttps.m */ = {isa = PBXFileReference; lastKnownFileType = sourcecode.c.objc; path = NWHttps.m; sourceTree = "<group>"; };
		2E2CAAE420D4328E00BC3AA6 /* NWBase_Protected.h */ = {isa = PBXFileReference; lastKnownFileType = sourcecode.c.h; path = NWBase_Protected.h; sourceTree = "<group>"; };
		2E2CAAE520D4331300BC3AA6 /* Keys.h */ = {isa = PBXFileReference; lastKnownFileType = sourcecode.c.h; path = Keys.h; sourceTree = "<group>"; };
		2E2CAAE620D4354E00BC3AA6 /* LocationsTableViewController.h */ = {isa = PBXFileReference; lastKnownFileType = sourcecode.c.h; path = LocationsTableViewController.h; sourceTree = "<group>"; };
		2E2CAAE720D4354E00BC3AA6 /* LocationsTableViewController.m */ = {isa = PBXFileReference; lastKnownFileType = sourcecode.c.objc; path = LocationsTableViewController.m; sourceTree = "<group>"; };
		2E2CAAE920D4357700BC3AA6 /* WeatherViewController.h */ = {isa = PBXFileReference; lastKnownFileType = sourcecode.c.h; path = WeatherViewController.h; sourceTree = "<group>"; };
		2E2CAAEA20D4357700BC3AA6 /* WeatherViewController.m */ = {isa = PBXFileReference; lastKnownFileType = sourcecode.c.objc; path = WeatherViewController.m; sourceTree = "<group>"; };
		2E2CAAEC20D437EB00BC3AA6 /* DMLocation.h */ = {isa = PBXFileReference; lastKnownFileType = sourcecode.c.h; path = DMLocation.h; sourceTree = "<group>"; };
		2E2CAAED20D437EB00BC3AA6 /* DMLocation.m */ = {isa = PBXFileReference; lastKnownFileType = sourcecode.c.objc; path = DMLocation.m; sourceTree = "<group>"; };
		2E2CAAEF20D43C8800BC3AA6 /* LocationViewModel.h */ = {isa = PBXFileReference; lastKnownFileType = sourcecode.c.h; path = LocationViewModel.h; sourceTree = "<group>"; };
		2E2CAAF020D43C8800BC3AA6 /* LocationViewModel.m */ = {isa = PBXFileReference; lastKnownFileType = sourcecode.c.objc; path = LocationViewModel.m; sourceTree = "<group>"; };
		2E2CAAF220D44F1B00BC3AA6 /* WeatherViewModel.h */ = {isa = PBXFileReference; lastKnownFileType = sourcecode.c.h; path = WeatherViewModel.h; sourceTree = "<group>"; };
		2E2CAAF320D44F1B00BC3AA6 /* WeatherViewModel.m */ = {isa = PBXFileReference; lastKnownFileType = sourcecode.c.objc; path = WeatherViewModel.m; sourceTree = "<group>"; };
		2E2CAAF520D44F5900BC3AA6 /* DMWeather.h */ = {isa = PBXFileReference; lastKnownFileType = sourcecode.c.h; path = DMWeather.h; sourceTree = "<group>"; };
		2E2CAAF620D44F5900BC3AA6 /* DMWeather.m */ = {isa = PBXFileReference; lastKnownFileType = sourcecode.c.objc; path = DMWeather.m; sourceTree = "<group>"; };
		2E2CAB0320D4961100BC3AA6 /* UIImageView+NWHttps.h */ = {isa = PBXFileReference; lastKnownFileType = sourcecode.c.h; path = "UIImageView+NWHttps.h"; sourceTree = "<group>"; };
		2E2CAB0420D4961100BC3AA6 /* UIImageView+NWHttps.m */ = {isa = PBXFileReference; lastKnownFileType = sourcecode.c.objc; path = "UIImageView+NWHttps.m"; sourceTree = "<group>"; };
		2E2CAB0620D4D4D300BC3AA6 /* WeatherTableViewCell.h */ = {isa = PBXFileReference; lastKnownFileType = sourcecode.c.h; path = WeatherTableViewCell.h; sourceTree = "<group>"; };
		2E2CAB0720D4D4D300BC3AA6 /* WeatherTableViewCell.m */ = {isa = PBXFileReference; lastKnownFileType = sourcecode.c.objc; path = WeatherTableViewCell.m; sourceTree = "<group>"; };
		2ECF548320D42E33008165D7 /* Weather.app */ = {isa = PBXFileReference; explicitFileType = wrapper.application; includeInIndex = 0; path = Weather.app; sourceTree = BUILT_PRODUCTS_DIR; };
		2ECF548620D42E34008165D7 /* AppDelegate.h */ = {isa = PBXFileReference; lastKnownFileType = sourcecode.c.h; path = AppDelegate.h; sourceTree = "<group>"; };
		2ECF548720D42E34008165D7 /* AppDelegate.m */ = {isa = PBXFileReference; lastKnownFileType = sourcecode.c.objc; path = AppDelegate.m; sourceTree = "<group>"; };
		2ECF548D20D42E34008165D7 /* Base */ = {isa = PBXFileReference; lastKnownFileType = file.storyboard; name = Base; path = Base.lproj/Main.storyboard; sourceTree = "<group>"; };
		2ECF548F20D42E36008165D7 /* Assets.xcassets */ = {isa = PBXFileReference; lastKnownFileType = folder.assetcatalog; path = Assets.xcassets; sourceTree = "<group>"; };
		2ECF549220D42E36008165D7 /* Base */ = {isa = PBXFileReference; lastKnownFileType = file.storyboard; name = Base; path = Base.lproj/LaunchScreen.storyboard; sourceTree = "<group>"; };
		2ECF549420D42E36008165D7 /* Info.plist */ = {isa = PBXFileReference; lastKnownFileType = text.plist.xml; path = Info.plist; sourceTree = "<group>"; };
		2ECF549520D42E36008165D7 /* main.m */ = {isa = PBXFileReference; lastKnownFileType = sourcecode.c.objc; path = main.m; sourceTree = "<group>"; };
/* End PBXFileReference section */

/* Begin PBXFrameworksBuildPhase section */
		2ECF548020D42E33008165D7 /* Frameworks */ = {
			isa = PBXFrameworksBuildPhase;
			buildActionMask = 2147483647;
			files = (
			);
			runOnlyForDeploymentPostprocessing = 0;
		};
/* End PBXFrameworksBuildPhase section */

/* Begin PBXGroup section */
		2E2CAAD120D42EEA00BC3AA6 /* Supporting Files */ = {
			isa = PBXGroup;
			children = (
				2ECF548620D42E34008165D7 /* AppDelegate.h */,
				2ECF548720D42E34008165D7 /* AppDelegate.m */,
				2ECF548F20D42E36008165D7 /* Assets.xcassets */,
				2ECF549120D42E36008165D7 /* LaunchScreen.storyboard */,
				2ECF549420D42E36008165D7 /* Info.plist */,
				2ECF549520D42E36008165D7 /* main.m */,
			);
			path = "Supporting Files";
			sourceTree = "<group>";
		};
		2E2CAAD220D42EF300BC3AA6 /* Networking */ = {
			isa = PBXGroup;
			children = (
				2E2CAADE20D431F000BC3AA6 /* NWBase.h */,
				2E2CAADF20D431F000BC3AA6 /* NWBase.m */,
				2E2CAAE420D4328E00BC3AA6 /* NWBase_Protected.h */,
				2E2CAAE120D4326700BC3AA6 /* NWHttps.h */,
				2E2CAAE220D4326700BC3AA6 /* NWHttps.m */,
				2E2CAB0320D4961100BC3AA6 /* UIImageView+NWHttps.h */,
				2E2CAB0420D4961100BC3AA6 /* UIImageView+NWHttps.m */,
			);
			path = Networking;
			sourceTree = "<group>";
		};
		2E2CAAD320D42F0400BC3AA6 /* Views */ = {
			isa = PBXGroup;
			children = (
				2E2CAAD420D42F1100BC3AA6 /* View Controllers */,
				2E2CAAD520D42F1F00BC3AA6 /* UIs */,
			);
			path = Views;
			sourceTree = "<group>";
		};
		2E2CAAD420D42F1100BC3AA6 /* View Controllers */ = {
			isa = PBXGroup;
			children = (
				2E2CAAE620D4354E00BC3AA6 /* LocationsTableViewController.h */,
				2E2CAAE720D4354E00BC3AA6 /* LocationsTableViewController.m */,
				2E2CAAE920D4357700BC3AA6 /* WeatherViewController.h */,
				2E2CAAEA20D4357700BC3AA6 /* WeatherViewController.m */,
			);
			path = "View Controllers";
			sourceTree = "<group>";
		};
		2E2CAAD520D42F1F00BC3AA6 /* UIs */ = {
			isa = PBXGroup;
			children = (
				2ECF548C20D42E34008165D7 /* Main.storyboard */,
				2E2CAB0620D4D4D300BC3AA6 /* WeatherTableViewCell.h */,
				2E2CAB0720D4D4D300BC3AA6 /* WeatherTableViewCell.m */,
			);
			path = UIs;
			sourceTree = "<group>";
		};
		2E2CAAD620D42F6000BC3AA6 /* Utils */ = {
			isa = PBXGroup;
			children = (
				2E2CAAD920D4315200BC3AA6 /* Dispatch.h */,
				2E2CAADA20D4315200BC3AA6 /* Dispatch.m */,
				2E2CAADC20D4318A00BC3AA6 /* Blocks.h */,
				2E2CAADD20D431B900BC3AA6 /* SelfMacros.h */,
				2E2CAAE520D4331300BC3AA6 /* Keys.h */,
			);
			path = Utils;
			sourceTree = "<group>";
		};
		2E2CAAD720D42F7100BC3AA6 /* View Models */ = {
			isa = PBXGroup;
			children = (
				2E2CAAD820D42F8300BC3AA6 /* Data Models */,
				2E2CAAEF20D43C8800BC3AA6 /* LocationViewModel.h */,
				2E2CAAF020D43C8800BC3AA6 /* LocationViewModel.m */,
				2E2CAAF220D44F1B00BC3AA6 /* WeatherViewModel.h */,
				2E2CAAF320D44F1B00BC3AA6 /* WeatherViewModel.m */,
			);
			path = "View Models";
			sourceTree = "<group>";
		};
		2E2CAAD820D42F8300BC3AA6 /* Data Models */ = {
			isa = PBXGroup;
			children = (
				2E2CAAEC20D437EB00BC3AA6 /* DMLocation.h */,
				2E2CAAED20D437EB00BC3AA6 /* DMLocation.m */,
				2E2CAAF520D44F5900BC3AA6 /* DMWeather.h */,
				2E2CAAF620D44F5900BC3AA6 /* DMWeather.m */,
			);
			path = "Data Models";
			sourceTree = "<group>";
		};
		2ECF547A20D42E33008165D7 = {
			isa = PBXGroup;
			children = (
				2ECF548520D42E33008165D7 /* Weather */,
				2ECF548420D42E33008165D7 /* Products */,
			);
			sourceTree = "<group>";
		};
		2ECF548420D42E33008165D7 /* Products */ = {
			isa = PBXGroup;
			children = (
				2ECF548320D42E33008165D7 /* Weather.app */,
			);
			name = Products;
			sourceTree = "<group>";
		};
		2ECF548520D42E33008165D7 /* Weather */ = {
			isa = PBXGroup;
			children = (
				2E2CAAD620D42F6000BC3AA6 /* Utils */,
				2E2CAAD220D42EF300BC3AA6 /* Networking */,
				2E2CAAD720D42F7100BC3AA6 /* View Models */,
				2E2CAAD320D42F0400BC3AA6 /* Views */,
				2E2CAAD120D42EEA00BC3AA6 /* Supporting Files */,
			);
			path = Weather;
			sourceTree = "<group>";
		};
/* End PBXGroup section */

/* Begin PBXNativeTarget section */
		2ECF548220D42E33008165D7 /* Weather */ = {
			isa = PBXNativeTarget;
			buildConfigurationList = 2ECF549920D42E36008165D7 /* Build configuration list for PBXNativeTarget "Weather" */;
			buildPhases = (
				2ECF547F20D42E33008165D7 /* Sources */,
				2ECF548020D42E33008165D7 /* Frameworks */,
				2ECF548120D42E33008165D7 /* Resources */,
			);
			buildRules = (
			);
			dependencies = (
			);
			name = Weather;
			productName = Weather;
			productReference = 2ECF548320D42E33008165D7 /* Weather.app */;
			productType = "com.apple.product-type.application";
		};
/* End PBXNativeTarget section */

/* Begin PBXProject section */
		2ECF547B20D42E33008165D7 /* Project object */ = {
			isa = PBXProject;
			attributes = {
				LastUpgradeCheck = 0940;
				ORGANIZATIONNAME = Jian;
				TargetAttributes = {
					2ECF548220D42E33008165D7 = {
						CreatedOnToolsVersion = 9.4;
					};
				};
			};
			buildConfigurationList = 2ECF547E20D42E33008165D7 /* Build configuration list for PBXProject "Weather" */;
			compatibilityVersion = "Xcode 9.3";
			developmentRegion = en;
			hasScannedForEncodings = 0;
			knownRegions = (
				en,
				Base,
			);
			mainGroup = 2ECF547A20D42E33008165D7;
			productRefGroup = 2ECF548420D42E33008165D7 /* Products */;
			projectDirPath = "";
			projectRoot = "";
			targets = (
				2ECF548220D42E33008165D7 /* Weather */,
			);
		};
/* End PBXProject section */

/* Begin PBXResourcesBuildPhase section */
		2ECF548120D42E33008165D7 /* Resources */ = {
			isa = PBXResourcesBuildPhase;
			buildActionMask = 2147483647;
			files = (
				2ECF549320D42E36008165D7 /* LaunchScreen.storyboard in Resources */,
				2ECF549020D42E36008165D7 /* Assets.xcassets in Resources */,
				2ECF548E20D42E34008165D7 /* Main.storyboard in Resources */,
			);
			runOnlyForDeploymentPostprocessing = 0;
		};
/* End PBXResourcesBuildPhase section */

/* Begin PBXSourcesBuildPhase section */
		2ECF547F20D42E33008165D7 /* Sources */ = {
			isa = PBXSourcesBuildPhase;
			buildActionMask = 2147483647;
			files = (
				2E2CAAE820D4354E00BC3AA6 /* LocationsTableViewController.m in Sources */,
				2E2CAB0820D4D4D300BC3AA6 /* WeatherTableViewCell.m in Sources */,
				2E2CAAF120D43C8800BC3AA6 /* LocationViewModel.m in Sources */,
				2E2CAAEE20D437EB00BC3AA6 /* DMLocation.m in Sources */,
				2E2CAAF420D44F1B00BC3AA6 /* WeatherViewModel.m in Sources */,
				2E2CAADB20D4315200BC3AA6 /* Dispatch.m in Sources */,
				2E2CAAEB20D4357700BC3AA6 /* WeatherViewController.m in Sources */,
				2E2CAAF720D44F5900BC3AA6 /* DMWeather.m in Sources */,
				2E2CAAE320D4326700BC3AA6 /* NWHttps.m in Sources */,
				2ECF549620D42E36008165D7 /* main.m in Sources */,
				2ECF548820D42E34008165D7 /* AppDelegate.m in Sources */,
				2E2CAAE020D431F000BC3AA6 /* NWBase.m in Sources */,
				2E2CAB0520D4961100BC3AA6 /* UIImageView+NWHttps.m in Sources */,
			);
			runOnlyForDeploymentPostprocessing = 0;
		};
/* End PBXSourcesBuildPhase section */

/* Begin PBXVariantGroup section */
		2ECF548C20D42E34008165D7 /* Main.storyboard */ = {
			isa = PBXVariantGroup;
			children = (
				2ECF548D20D42E34008165D7 /* Base */,
			);
			name = Main.storyboard;
			sourceTree = "<group>";
		};
		2ECF549120D42E36008165D7 /* LaunchScreen.storyboard */ = {
			isa = PBXVariantGroup;
			children = (
				2ECF549220D42E36008165D7 /* Base */,
			);
			name = LaunchScreen.storyboard;
			sourceTree = "<group>";
		};
/* End PBXVariantGroup section */

/* Begin XCBuildConfiguration section */
		2ECF549720D42E36008165D7 /* Debug */ = {
			isa = XCBuildConfiguration;
			buildSettings = {
				ALWAYS_SEARCH_USER_PATHS = NO;
				CLANG_ANALYZER_NONNULL = YES;
				CLANG_ANALYZER_NUMBER_OBJECT_CONVERSION = YES_AGGRESSIVE;
				CLANG_CXX_LANGUAGE_STANDARD = "gnu++14";
				CLANG_CXX_LIBRARY = "libc++";
				CLANG_ENABLE_MODULES = YES;
				CLANG_ENABLE_OBJC_ARC = YES;
				CLANG_ENABLE_OBJC_WEAK = YES;
				CLANG_WARN_BLOCK_CAPTURE_AUTORELEASING = YES;
				CLANG_WARN_BOOL_CONVERSION = YES;
				CLANG_WARN_COMMA = YES;
				CLANG_WARN_CONSTANT_CONVERSION = YES;
				CLANG_WARN_DEPRECATED_OBJC_IMPLEMENTATIONS = YES;
				CLANG_WARN_DIRECT_OBJC_ISA_USAGE = YES_ERROR;
				CLANG_WARN_DOCUMENTATION_COMMENTS = YES;
				CLANG_WARN_EMPTY_BODY = YES;
				CLANG_WARN_ENUM_CONVERSION = YES;
				CLANG_WARN_INFINITE_RECURSION = YES;
				CLANG_WARN_INT_CONVERSION = YES;
				CLANG_WARN_NON_LITERAL_NULL_CONVERSION = YES;
				CLANG_WARN_OBJC_IMPLICIT_RETAIN_SELF = YES;
				CLANG_WARN_OBJC_LITERAL_CONVERSION = YES;
				CLANG_WARN_OBJC_ROOT_CLASS = YES_ERROR;
				CLANG_WARN_RANGE_LOOP_ANALYSIS = YES;
				CLANG_WARN_STRICT_PROTOTYPES = YES;
				CLANG_WARN_SUSPICIOUS_MOVE = YES;
				CLANG_WARN_UNGUARDED_AVAILABILITY = YES_AGGRESSIVE;
				CLANG_WARN_UNREACHABLE_CODE = YES;
				CLANG_WARN__DUPLICATE_METHOD_MATCH = YES;
				CODE_SIGN_IDENTITY = "iPhone Developer";
				COPY_PHASE_STRIP = NO;
				DEBUG_INFORMATION_FORMAT = dwarf;
				ENABLE_STRICT_OBJC_MSGSEND = YES;
				ENABLE_TESTABILITY = YES;
				GCC_C_LANGUAGE_STANDARD = gnu11;
				GCC_DYNAMIC_NO_PIC = NO;
				GCC_NO_COMMON_BLOCKS = YES;
				GCC_OPTIMIZATION_LEVEL = 0;
				GCC_PREPROCESSOR_DEFINITIONS = (
					"DEBUG=1",
					"$(inherited)",
				);
				GCC_WARN_64_TO_32_BIT_CONVERSION = YES;
				GCC_WARN_ABOUT_RETURN_TYPE = YES_ERROR;
				GCC_WARN_UNDECLARED_SELECTOR = YES;
				GCC_WARN_UNINITIALIZED_AUTOS = YES_AGGRESSIVE;
				GCC_WARN_UNUSED_FUNCTION = YES;
				GCC_WARN_UNUSED_VARIABLE = YES;
				IPHONEOS_DEPLOYMENT_TARGET = 11.4;
				MTL_ENABLE_DEBUG_INFO = YES;
				ONLY_ACTIVE_ARCH = YES;
				SDKROOT = iphoneos;
			};
			name = Debug;
		};
		2ECF549820D42E36008165D7 /* Release */ = {
			isa = XCBuildConfiguration;
			buildSettings = {
				ALWAYS_SEARCH_USER_PATHS = NO;
				CLANG_ANALYZER_NONNULL = YES;
				CLANG_ANALYZER_NUMBER_OBJECT_CONVERSION = YES_AGGRESSIVE;
				CLANG_CXX_LANGUAGE_STANDARD = "gnu++14";
				CLANG_CXX_LIBRARY = "libc++";
				CLANG_ENABLE_MODULES = YES;
				CLANG_ENABLE_OBJC_ARC = YES;
				CLANG_ENABLE_OBJC_WEAK = YES;
				CLANG_WARN_BLOCK_CAPTURE_AUTORELEASING = YES;
				CLANG_WARN_BOOL_CONVERSION = YES;
				CLANG_WARN_COMMA = YES;
				CLANG_WARN_CONSTANT_CONVERSION = YES;
				CLANG_WARN_DEPRECATED_OBJC_IMPLEMENTATIONS = YES;
				CLANG_WARN_DIRECT_OBJC_ISA_USAGE = YES_ERROR;
				CLANG_WARN_DOCUMENTATION_COMMENTS = YES;
				CLANG_WARN_EMPTY_BODY = YES;
				CLANG_WARN_ENUM_CONVERSION = YES;
				CLANG_WARN_INFINITE_RECURSION = YES;
				CLANG_WARN_INT_CONVERSION = YES;
				CLANG_WARN_NON_LITERAL_NULL_CONVERSION = YES;
				CLANG_WARN_OBJC_IMPLICIT_RETAIN_SELF = YES;
				CLANG_WARN_OBJC_LITERAL_CONVERSION = YES;
				CLANG_WARN_OBJC_ROOT_CLASS = YES_ERROR;
				CLANG_WARN_RANGE_LOOP_ANALYSIS = YES;
				CLANG_WARN_STRICT_PROTOTYPES = YES;
				CLANG_WARN_SUSPICIOUS_MOVE = YES;
				CLANG_WARN_UNGUARDED_AVAILABILITY = YES_AGGRESSIVE;
				CLANG_WARN_UNREACHABLE_CODE = YES;
				CLANG_WARN__DUPLICATE_METHOD_MATCH = YES;
				CODE_SIGN_IDENTITY = "iPhone Developer";
				COPY_PHASE_STRIP = NO;
				DEBUG_INFORMATION_FORMAT = "dwarf-with-dsym";
				ENABLE_NS_ASSERTIONS = NO;
				ENABLE_STRICT_OBJC_MSGSEND = YES;
				GCC_C_LANGUAGE_STANDARD = gnu11;
				GCC_NO_COMMON_BLOCKS = YES;
				GCC_WARN_64_TO_32_BIT_CONVERSION = YES;
				GCC_WARN_ABOUT_RETURN_TYPE = YES_ERROR;
				GCC_WARN_UNDECLARED_SELECTOR = YES;
				GCC_WARN_UNINITIALIZED_AUTOS = YES_AGGRESSIVE;
				GCC_WARN_UNUSED_FUNCTION = YES;
				GCC_WARN_UNUSED_VARIABLE = YES;
				IPHONEOS_DEPLOYMENT_TARGET = 11.4;
				MTL_ENABLE_DEBUG_INFO = NO;
				SDKROOT = iphoneos;
				VALIDATE_PRODUCT = YES;
			};
			name = Release;
		};
		2ECF549A20D42E36008165D7 /* Debug */ = {
			isa = XCBuildConfiguration;
			buildSettings = {
				ASSETCATALOG_COMPILER_APPICON_NAME = AppIcon;
				CODE_SIGN_STYLE = Automatic;
				DEVELOPMENT_TEAM = "";
				INFOPLIST_FILE = "Weather/Supporting Files/Info.plist";
				LD_RUNPATH_SEARCH_PATHS = (
					"$(inherited)",
					"@executable_path/Frameworks",
				);
				PRODUCT_BUNDLE_IDENTIFIER = com.jian.Weather;
				PRODUCT_NAME = "$(TARGET_NAME)";
				TARGETED_DEVICE_FAMILY = "1,2";
			};
			name = Debug;
		};
		2ECF549B20D42E36008165D7 /* Release */ = {
			isa = XCBuildConfiguration;
			buildSettings = {
				ASSETCATALOG_COMPILER_APPICON_NAME = AppIcon;
				CODE_SIGN_STYLE = Automatic;
				DEVELOPMENT_TEAM = "";
				INFOPLIST_FILE = "Weather/Supporting Files/Info.plist";
				LD_RUNPATH_SEARCH_PATHS = (
					"$(inherited)",
					"@executable_path/Frameworks",
				);
				PRODUCT_BUNDLE_IDENTIFIER = com.jian.Weather;
				PRODUCT_NAME = "$(TARGET_NAME)";
				TARGETED_DEVICE_FAMILY = "1,2";
			};
			name = Release;
		};
/* End XCBuildConfiguration section */

/* Begin XCConfigurationList section */
		2ECF547E20D42E33008165D7 /* Build configuration list for PBXProject "Weather" */ = {
			isa = XCConfigurationList;
			buildConfigurations = (
				2ECF549720D42E36008165D7 /* Debug */,
				2ECF549820D42E36008165D7 /* Release */,
			);
			defaultConfigurationIsVisible = 0;
			defaultConfigurationName = Release;
		};
		2ECF549920D42E36008165D7 /* Build configuration list for PBXNativeTarget "Weather" */ = {
			isa = XCConfigurationList;
			buildConfigurations = (
				2ECF549A20D42E36008165D7 /* Debug */,
				2ECF549B20D42E36008165D7 /* Release */,
			);
			defaultConfigurationIsVisible = 0;
			defaultConfigurationName = Release;
		};
/* End XCConfigurationList section */
	};
	rootObject = 2ECF547B20D42E33008165D7 /* Project object */;
}
